
Microsoft Visual Studio Solution File, Format Version 12.00
# Visual Studio Version 17
VisualStudioVersion = 17.7.34024.191
MinimumVisualStudioVersion = 10.0.40219.1
Project("{FAE04EC0-301F-11D3-BF4B-00C04F79EFBC}") = "list", "list\list.csproj", "{67DE589D-D367-443F-A0E0-3C25A17675E7}"
EndProject
Global
	GlobalSection(SolutionConfigurationPlatforms) = preSolution
		Debug|Any CPU = Debug|Any CPU
		Release|Any CPU = Release|Any CPU
	EndGlobalSection
	GlobalSection(ProjectConfigurationPlatforms) = postSolution
		{67DE589D-D367-443F-A0E0-3C25A17675E7}.Debug|Any CPU.ActiveCfg = Debug|Any CPU
		{67DE589D-D367-443F-A0E0-3C25A17675E7}.Debug|Any CPU.Build.0 = Debug|Any CPU
		{67DE589D-D367-443F-A0E0-3C25A17675E7}.Release|Any CPU.ActiveCfg = Release|Any CPU
		{67DE589D-D367-443F-A0E0-3C25A17675E7}.Release|Any CPU.Build.0 = Release|Any CPU
	EndGlobalSection
	GlobalSection(SolutionProperties) = preSolution
		HideSolutionNode = FALSE
	EndGlobalSection
	GlobalSection(ExtensibilityGlobals) = postSolution
		SolutionGuid = {1067E4B5-0F42-4001-A1C2-648D68AEBD0A}
	EndGlobalSection
EndGlobal
